// !$*UTF8*$!
{
	archiveVersion = 1;
	classes = {
	};
	objectVersion = 48;
	objects = {

/* Begin PBXBuildFile section */
		59CACB43FE90F632CB0CDE16 /* Pods_PayTrailTests.framework in Frameworks */ = {isa = PBXBuildFile; fileRef = 145C04733DCD5E1C2692139D /* Pods_PayTrailTests.framework */; };
		6B1710066AD114D91CD33554 /* Pods_PayTrailUITests.framework in Frameworks */ = {isa = PBXBuildFile; fileRef = 67109B18262262C057380E62 /* Pods_PayTrailUITests.framework */; };
		CC4439D3205A1B0B00543361 /* LiveTaxRates.swift in Sources */ = {isa = PBXBuildFile; fileRef = CC4439D2205A1B0B00543361 /* LiveTaxRates.swift */; };
		CC4439D4205A213D00543361 /* SwiftyJSON.framework in Frameworks */ = {isa = PBXBuildFile; fileRef = CC4439D5205A213D00543361 /* SwiftyJSON.framework */; };
		CC4439D7205A253A00543361 /* PersonZip.swift in Sources */ = {isa = PBXBuildFile; fileRef = CC4439D6205A253A00543361 /* PersonZip.swift */; };
		CCA0331E2035011D0016D8A1 /* LoginSignup.swift in Sources */ = {isa = PBXBuildFile; fileRef = CCA0331D2035011D0016D8A1 /* LoginSignup.swift */; };
		CCA03320203521790016D8A1 /* CollectData.swift in Sources */ = {isa = PBXBuildFile; fileRef = CCA0331F203521790016D8A1 /* CollectData.swift */; };
		CCE954EA204499BF00AF7DC2 /* DisplayData.swift in Sources */ = {isa = PBXBuildFile; fileRef = CCE954E9204499BF00AF7DC2 /* DisplayData.swift */; };
		CCE954ED20449D2A00AF7DC2 /* DisplayDataCell.swift in Sources */ = {isa = PBXBuildFile; fileRef = CCE954EC20449D2A00AF7DC2 /* DisplayDataCell.swift */; };
		CCF0420F203609EE005F2B9B /* ProcessData.swift in Sources */ = {isa = PBXBuildFile; fileRef = CCF0420E203609EE005F2B9B /* ProcessData.swift */; };
		CCF8C0682021A76A0025C889 /* AppDelegate.swift in Sources */ = {isa = PBXBuildFile; fileRef = CCF8C0672021A76A0025C889 /* AppDelegate.swift */; };
		CCF8C06F2021A76A0025C889 /* Main.storyboard in Resources */ = {isa = PBXBuildFile; fileRef = CCF8C06D2021A76A0025C889 /* Main.storyboard */; };
		CCF8C0712021A76A0025C889 /* Assets.xcassets in Resources */ = {isa = PBXBuildFile; fileRef = CCF8C0702021A76A0025C889 /* Assets.xcassets */; };
		CCF8C0742021A76A0025C889 /* LaunchScreen.storyboard in Resources */ = {isa = PBXBuildFile; fileRef = CCF8C0722021A76A0025C889 /* LaunchScreen.storyboard */; };
		CCF8C07F2021A76A0025C889 /* PayTrailTests.swift in Sources */ = {isa = PBXBuildFile; fileRef = CCF8C07E2021A76A0025C889 /* PayTrailTests.swift */; };
		CCF8C08A2021A76A0025C889 /* PayTrailUITests.swift in Sources */ = {isa = PBXBuildFile; fileRef = CCF8C0892021A76A0025C889 /* PayTrailUITests.swift */; };
		F3E6D1FB091213D345C0C767 /* Pods_PayTrail.framework in Frameworks */ = {isa = PBXBuildFile; fileRef = 3677C94DD4AAABCAA89F11D8 /* Pods_PayTrail.framework */; };
/* End PBXBuildFile section */

/* Begin PBXContainerItemProxy section */
		CCF8C07B2021A76A0025C889 /* PBXContainerItemProxy */ = {
			isa = PBXContainerItemProxy;
			containerPortal = CCF8C05C2021A7690025C889 /* Project object */;
			proxyType = 1;
			remoteGlobalIDString = CCF8C0632021A76A0025C889;
			remoteInfo = PayTrail;
		};
		CCF8C0862021A76A0025C889 /* PBXContainerItemProxy */ = {
			isa = PBXContainerItemProxy;
			containerPortal = CCF8C05C2021A7690025C889 /* Project object */;
			proxyType = 1;
			remoteGlobalIDString = CCF8C0632021A76A0025C889;
			remoteInfo = PayTrail;
		};
/* End PBXContainerItemProxy section */

/* Begin PBXFileReference section */
		0CEED10E3513F83E27B57474 /* Pods-PayTrailUITests.debug.xcconfig */ = {isa = PBXFileReference; includeInIndex = 1; lastKnownFileType = text.xcconfig; name = "Pods-PayTrailUITests.debug.xcconfig"; path = "Pods/Target Support Files/Pods-PayTrailUITests/Pods-PayTrailUITests.debug.xcconfig"; sourceTree = "<group>"; };
		11C4E605EEF9559246A05677 /* Pods-PayTrailTests.debug.xcconfig */ = {isa = PBXFileReference; includeInIndex = 1; lastKnownFileType = text.xcconfig; name = "Pods-PayTrailTests.debug.xcconfig"; path = "Pods/Target Support Files/Pods-PayTrailTests/Pods-PayTrailTests.debug.xcconfig"; sourceTree = "<group>"; };
		145C04733DCD5E1C2692139D /* Pods_PayTrailTests.framework */ = {isa = PBXFileReference; explicitFileType = wrapper.framework; includeInIndex = 0; path = Pods_PayTrailTests.framework; sourceTree = BUILT_PRODUCTS_DIR; };
		3677C94DD4AAABCAA89F11D8 /* Pods_PayTrail.framework */ = {isa = PBXFileReference; explicitFileType = wrapper.framework; includeInIndex = 0; path = Pods_PayTrail.framework; sourceTree = BUILT_PRODUCTS_DIR; };
		67109B18262262C057380E62 /* Pods_PayTrailUITests.framework */ = {isa = PBXFileReference; explicitFileType = wrapper.framework; includeInIndex = 0; path = Pods_PayTrailUITests.framework; sourceTree = BUILT_PRODUCTS_DIR; };
		86B16E41DAEE69F55BA76F54 /* Pods-PayTrailUITests.release.xcconfig */ = {isa = PBXFileReference; includeInIndex = 1; lastKnownFileType = text.xcconfig; name = "Pods-PayTrailUITests.release.xcconfig"; path = "Pods/Target Support Files/Pods-PayTrailUITests/Pods-PayTrailUITests.release.xcconfig"; sourceTree = "<group>"; };
		9721A5AFBB5D09118C73B64A /* Pods-PayTrail.debug.xcconfig */ = {isa = PBXFileReference; includeInIndex = 1; lastKnownFileType = text.xcconfig; name = "Pods-PayTrail.debug.xcconfig"; path = "Pods/Target Support Files/Pods-PayTrail/Pods-PayTrail.debug.xcconfig"; sourceTree = "<group>"; };
		CC3DA277205DA5E100D55F1A /* HTYTextField.framework */ = {isa = PBXFileReference; explicitFileType = wrapper.framework; path = HTYTextField.framework; sourceTree = BUILT_PRODUCTS_DIR; };
		CC4439D2205A1B0B00543361 /* LiveTaxRates.swift */ = {isa = PBXFileReference; lastKnownFileType = sourcecode.swift; path = LiveTaxRates.swift; sourceTree = "<group>"; };
		CC4439D5205A213D00543361 /* SwiftyJSON.framework */ = {isa = PBXFileReference; explicitFileType = wrapper.framework; path = SwiftyJSON.framework; sourceTree = BUILT_PRODUCTS_DIR; };
		CC4439D6205A253A00543361 /* PersonZip.swift */ = {isa = PBXFileReference; lastKnownFileType = sourcecode.swift; path = PersonZip.swift; sourceTree = "<group>"; };
		CCA0331D2035011D0016D8A1 /* LoginSignup.swift */ = {isa = PBXFileReference; lastKnownFileType = sourcecode.swift; path = LoginSignup.swift; sourceTree = "<group>"; };
		CCA0331F203521790016D8A1 /* CollectData.swift */ = {isa = PBXFileReference; lastKnownFileType = sourcecode.swift; path = CollectData.swift; sourceTree = "<group>"; };
		CCE954E9204499BF00AF7DC2 /* DisplayData.swift */ = {isa = PBXFileReference; lastKnownFileType = sourcecode.swift; path = DisplayData.swift; sourceTree = "<group>"; };
		CCE954EC20449D2A00AF7DC2 /* DisplayDataCell.swift */ = {isa = PBXFileReference; lastKnownFileType = sourcecode.swift; path = DisplayDataCell.swift; sourceTree = "<group>"; };
		CCF0420E203609EE005F2B9B /* ProcessData.swift */ = {isa = PBXFileReference; lastKnownFileType = sourcecode.swift; path = ProcessData.swift; sourceTree = "<group>"; };
		CCF8C0642021A76A0025C889 /* PayTrail.app */ = {isa = PBXFileReference; explicitFileType = wrapper.application; includeInIndex = 0; path = PayTrail.app; sourceTree = BUILT_PRODUCTS_DIR; };
		CCF8C0672021A76A0025C889 /* AppDelegate.swift */ = {isa = PBXFileReference; lastKnownFileType = sourcecode.swift; path = AppDelegate.swift; sourceTree = "<group>"; };
		CCF8C06E2021A76A0025C889 /* Base */ = {isa = PBXFileReference; lastKnownFileType = file.storyboard; name = Base; path = Base.lproj/Main.storyboard; sourceTree = "<group>"; };
		CCF8C0702021A76A0025C889 /* Assets.xcassets */ = {isa = PBXFileReference; lastKnownFileType = folder.assetcatalog; path = Assets.xcassets; sourceTree = "<group>"; };
		CCF8C0732021A76A0025C889 /* Base */ = {isa = PBXFileReference; lastKnownFileType = file.storyboard; name = Base; path = Base.lproj/LaunchScreen.storyboard; sourceTree = "<group>"; };
		CCF8C0752021A76A0025C889 /* Info.plist */ = {isa = PBXFileReference; lastKnownFileType = text.plist.xml; path = Info.plist; sourceTree = "<group>"; };
		CCF8C07A2021A76A0025C889 /* PayTrailTests.xctest */ = {isa = PBXFileReference; explicitFileType = wrapper.cfbundle; includeInIndex = 0; path = PayTrailTests.xctest; sourceTree = BUILT_PRODUCTS_DIR; };
		CCF8C07E2021A76A0025C889 /* PayTrailTests.swift */ = {isa = PBXFileReference; lastKnownFileType = sourcecode.swift; path = PayTrailTests.swift; sourceTree = "<group>"; };
		CCF8C0802021A76A0025C889 /* Info.plist */ = {isa = PBXFileReference; lastKnownFileType = text.plist.xml; path = Info.plist; sourceTree = "<group>"; };
		CCF8C0852021A76A0025C889 /* PayTrailUITests.xctest */ = {isa = PBXFileReference; explicitFileType = wrapper.cfbundle; includeInIndex = 0; path = PayTrailUITests.xctest; sourceTree = BUILT_PRODUCTS_DIR; };
		CCF8C0892021A76A0025C889 /* PayTrailUITests.swift */ = {isa = PBXFileReference; lastKnownFileType = sourcecode.swift; path = PayTrailUITests.swift; sourceTree = "<group>"; };
		CCF8C08B2021A76A0025C889 /* Info.plist */ = {isa = PBXFileReference; lastKnownFileType = text.plist.xml; path = Info.plist; sourceTree = "<group>"; };
		DC32EA436D8F971C156A132F /* Pods-PayTrailTests.release.xcconfig */ = {isa = PBXFileReference; includeInIndex = 1; lastKnownFileType = text.xcconfig; name = "Pods-PayTrailTests.release.xcconfig"; path = "Pods/Target Support Files/Pods-PayTrailTests/Pods-PayTrailTests.release.xcconfig"; sourceTree = "<group>"; };
		FDF1E5C939A119C017B84563 /* Pods-PayTrail.release.xcconfig */ = {isa = PBXFileReference; includeInIndex = 1; lastKnownFileType = text.xcconfig; name = "Pods-PayTrail.release.xcconfig"; path = "Pods/Target Support Files/Pods-PayTrail/Pods-PayTrail.release.xcconfig"; sourceTree = "<group>"; };
/* End PBXFileReference section */

/* Begin PBXFrameworksBuildPhase section */
		CCF8C0612021A76A0025C889 /* Frameworks */ = {
			isa = PBXFrameworksBuildPhase;
			buildActionMask = 2147483647;
			files = (
				CC4439D4205A213D00543361 /* SwiftyJSON.framework in Frameworks */,
				F3E6D1FB091213D345C0C767 /* Pods_PayTrail.framework in Frameworks */,
			);
			runOnlyForDeploymentPostprocessing = 0;
		};
		CCF8C0772021A76A0025C889 /* Frameworks */ = {
			isa = PBXFrameworksBuildPhase;
			buildActionMask = 2147483647;
			files = (
				59CACB43FE90F632CB0CDE16 /* Pods_PayTrailTests.framework in Frameworks */,
			);
			runOnlyForDeploymentPostprocessing = 0;
		};
		CCF8C0822021A76A0025C889 /* Frameworks */ = {
			isa = PBXFrameworksBuildPhase;
			buildActionMask = 2147483647;
			files = (
				6B1710066AD114D91CD33554 /* Pods_PayTrailUITests.framework in Frameworks */,
			);
			runOnlyForDeploymentPostprocessing = 0;
		};
/* End PBXFrameworksBuildPhase section */

/* Begin PBXGroup section */
		10E9A55AA48CC00418C93606 /* Pods */ = {
			isa = PBXGroup;
			children = (
				9721A5AFBB5D09118C73B64A /* Pods-PayTrail.debug.xcconfig */,
				FDF1E5C939A119C017B84563 /* Pods-PayTrail.release.xcconfig */,
				11C4E605EEF9559246A05677 /* Pods-PayTrailTests.debug.xcconfig */,
				DC32EA436D8F971C156A132F /* Pods-PayTrailTests.release.xcconfig */,
				0CEED10E3513F83E27B57474 /* Pods-PayTrailUITests.debug.xcconfig */,
				86B16E41DAEE69F55BA76F54 /* Pods-PayTrailUITests.release.xcconfig */,
			);
			name = Pods;
			sourceTree = "<group>";
		};
		62C162218E55F3813B1D871A /* Frameworks */ = {
			isa = PBXGroup;
			children = (
				CC3DA277205DA5E100D55F1A /* HTYTextField.framework */,
				CC4439D5205A213D00543361 /* SwiftyJSON.framework */,
				3677C94DD4AAABCAA89F11D8 /* Pods_PayTrail.framework */,
				145C04733DCD5E1C2692139D /* Pods_PayTrailTests.framework */,
				67109B18262262C057380E62 /* Pods_PayTrailUITests.framework */,
			);
			name = Frameworks;
			sourceTree = "<group>";
		};
		CC133D09205A0D24006A9EA6 /* ViewControllers */ = {
			isa = PBXGroup;
			children = (
				CC133D0B205A1460006A9EA6 /* Reusable */,
				CCA0331D2035011D0016D8A1 /* LoginSignup.swift */,
				CCA0331F203521790016D8A1 /* CollectData.swift */,
				CCE954E9204499BF00AF7DC2 /* DisplayData.swift */,
			);
			path = ViewControllers;
			sourceTree = "<group>";
		};
		CC133D0A205A1434006A9EA6 /* Models */ = {
			isa = PBXGroup;
			children = (
				CCF0420E203609EE005F2B9B /* ProcessData.swift */,
				CC4439D2205A1B0B00543361 /* LiveTaxRates.swift */,
				CC4439D6205A253A00543361 /* PersonZip.swift */,
			);
			path = Models;
			sourceTree = "<group>";
		};
		CC133D0B205A1460006A9EA6 /* Reusable */ = {
			isa = PBXGroup;
			children = (
				CCE954EC20449D2A00AF7DC2 /* DisplayDataCell.swift */,
			);
			path = Reusable;
			sourceTree = "<group>";
		};
		CCA0331C203500E50016D8A1 /* LoginSignup */ = {
			isa = PBXGroup;
			children = (
				CC133D0A205A1434006A9EA6 /* Models */,
				CC133D09205A0D24006A9EA6 /* ViewControllers */,
			);
			path = LoginSignup;
			sourceTree = "<group>";
		};
		CCF8C05B2021A7690025C889 = {
			isa = PBXGroup;
			children = (
				CCF8C0662021A76A0025C889 /* PayTrail */,
				CCF8C07D2021A76A0025C889 /* PayTrailTests */,
				CCF8C0882021A76A0025C889 /* PayTrailUITests */,
				CCF8C0652021A76A0025C889 /* Products */,
				10E9A55AA48CC00418C93606 /* Pods */,
				62C162218E55F3813B1D871A /* Frameworks */,
			);
			sourceTree = "<group>";
		};
		CCF8C0652021A76A0025C889 /* Products */ = {
			isa = PBXGroup;
			children = (
				CCF8C0642021A76A0025C889 /* PayTrail.app */,
				CCF8C07A2021A76A0025C889 /* PayTrailTests.xctest */,
				CCF8C0852021A76A0025C889 /* PayTrailUITests.xctest */,
			);
			name = Products;
			sourceTree = "<group>";
		};
		CCF8C0662021A76A0025C889 /* PayTrail */ = {
			isa = PBXGroup;
			children = (
				CCA0331C203500E50016D8A1 /* LoginSignup */,
				CCF8C0672021A76A0025C889 /* AppDelegate.swift */,
				CCF8C06D2021A76A0025C889 /* Main.storyboard */,
				CCF8C0702021A76A0025C889 /* Assets.xcassets */,
				CCF8C0722021A76A0025C889 /* LaunchScreen.storyboard */,
				CCF8C0752021A76A0025C889 /* Info.plist */,
			);
			path = PayTrail;
			sourceTree = "<group>";
		};
		CCF8C07D2021A76A0025C889 /* PayTrailTests */ = {
			isa = PBXGroup;
			children = (
				CCF8C07E2021A76A0025C889 /* PayTrailTests.swift */,
				CCF8C0802021A76A0025C889 /* Info.plist */,
			);
			path = PayTrailTests;
			sourceTree = "<group>";
		};
		CCF8C0882021A76A0025C889 /* PayTrailUITests */ = {
			isa = PBXGroup;
			children = (
				CCF8C0892021A76A0025C889 /* PayTrailUITests.swift */,
				CCF8C08B2021A76A0025C889 /* Info.plist */,
			);
			path = PayTrailUITests;
			sourceTree = "<group>";
		};
/* End PBXGroup section */

/* Begin PBXNativeTarget section */
		CCF8C0632021A76A0025C889 /* PayTrail */ = {
			isa = PBXNativeTarget;
			buildConfigurationList = CCF8C08E2021A76A0025C889 /* Build configuration list for PBXNativeTarget "PayTrail" */;
			buildPhases = (
				5455C90275E0C2111368C9DC /* [CP] Check Pods Manifest.lock */,
				CCF8C0602021A76A0025C889 /* Sources */,
				CCF8C0612021A76A0025C889 /* Frameworks */,
				CCF8C0622021A76A0025C889 /* Resources */,
				E0EF269C4B01CA04BDF53D9F /* [CP] Embed Pods Frameworks */,
				3BBEF1CC113F7B1BA42C7491 /* [CP] Copy Pods Resources */,
			);
			buildRules = (
			);
			dependencies = (
			);
			name = PayTrail;
			productName = PayTrail;
			productReference = CCF8C0642021A76A0025C889 /* PayTrail.app */;
			productType = "com.apple.product-type.application";
		};
		CCF8C0792021A76A0025C889 /* PayTrailTests */ = {
			isa = PBXNativeTarget;
			buildConfigurationList = CCF8C0912021A76A0025C889 /* Build configuration list for PBXNativeTarget "PayTrailTests" */;
			buildPhases = (
				02E27DAA5E67E2B523F8CAE9 /* [CP] Check Pods Manifest.lock */,
				CCF8C0762021A76A0025C889 /* Sources */,
				CCF8C0772021A76A0025C889 /* Frameworks */,
				CCF8C0782021A76A0025C889 /* Resources */,
				F6AE662115802698CE88141D /* [CP] Embed Pods Frameworks */,
				09121364DC43DA082BB5C813 /* [CP] Copy Pods Resources */,
			);
			buildRules = (
			);
			dependencies = (
				CCF8C07C2021A76A0025C889 /* PBXTargetDependency */,
			);
			name = PayTrailTests;
			productName = PayTrailTests;
			productReference = CCF8C07A2021A76A0025C889 /* PayTrailTests.xctest */;
			productType = "com.apple.product-type.bundle.unit-test";
		};
		CCF8C0842021A76A0025C889 /* PayTrailUITests */ = {
			isa = PBXNativeTarget;
			buildConfigurationList = CCF8C0942021A76A0025C889 /* Build configuration list for PBXNativeTarget "PayTrailUITests" */;
			buildPhases = (
				DF2375741D66F9D1DD41387D /* [CP] Check Pods Manifest.lock */,
				CCF8C0812021A76A0025C889 /* Sources */,
				CCF8C0822021A76A0025C889 /* Frameworks */,
				CCF8C0832021A76A0025C889 /* Resources */,
				B88D8CFD516FB40279EEDA27 /* [CP] Embed Pods Frameworks */,
				59D08D3B8310CFD1F6C555E2 /* [CP] Copy Pods Resources */,
			);
			buildRules = (
			);
			dependencies = (
				CCF8C0872021A76A0025C889 /* PBXTargetDependency */,
			);
			name = PayTrailUITests;
			productName = PayTrailUITests;
			productReference = CCF8C0852021A76A0025C889 /* PayTrailUITests.xctest */;
			productType = "com.apple.product-type.bundle.ui-testing";
		};
/* End PBXNativeTarget section */

/* Begin PBXProject section */
		CCF8C05C2021A7690025C889 /* Project object */ = {
			isa = PBXProject;
			attributes = {
				LastSwiftUpdateCheck = 0920;
				LastUpgradeCheck = 0920;
				ORGANIZATIONNAME = "Yash Patel";
				TargetAttributes = {
					CCF8C0632021A76A0025C889 = {
						CreatedOnToolsVersion = 9.2;
						ProvisioningStyle = Automatic;
					};
					CCF8C0792021A76A0025C889 = {
						CreatedOnToolsVersion = 9.2;
						ProvisioningStyle = Automatic;
						TestTargetID = CCF8C0632021A76A0025C889;
					};
					CCF8C0842021A76A0025C889 = {
						CreatedOnToolsVersion = 9.2;
						ProvisioningStyle = Automatic;
						TestTargetID = CCF8C0632021A76A0025C889;
					};
				};
			};
			buildConfigurationList = CCF8C05F2021A7690025C889 /* Build configuration list for PBXProject "PayTrail" */;
			compatibilityVersion = "Xcode 8.0";
			developmentRegion = en;
			hasScannedForEncodings = 0;
			knownRegions = (
				en,
				Base,
			);
			mainGroup = CCF8C05B2021A7690025C889;
			productRefGroup = CCF8C0652021A76A0025C889 /* Products */;
			projectDirPath = "";
			projectRoot = "";
			targets = (
				CCF8C0632021A76A0025C889 /* PayTrail */,
				CCF8C0792021A76A0025C889 /* PayTrailTests */,
				CCF8C0842021A76A0025C889 /* PayTrailUITests */,
			);
		};
/* End PBXProject section */

/* Begin PBXResourcesBuildPhase section */
		CCF8C0622021A76A0025C889 /* Resources */ = {
			isa = PBXResourcesBuildPhase;
			buildActionMask = 2147483647;
			files = (
				CCF8C0742021A76A0025C889 /* LaunchScreen.storyboard in Resources */,
				CCF8C0712021A76A0025C889 /* Assets.xcassets in Resources */,
				CCF8C06F2021A76A0025C889 /* Main.storyboard in Resources */,
			);
			runOnlyForDeploymentPostprocessing = 0;
		};
		CCF8C0782021A76A0025C889 /* Resources */ = {
			isa = PBXResourcesBuildPhase;
			buildActionMask = 2147483647;
			files = (
			);
			runOnlyForDeploymentPostprocessing = 0;
		};
		CCF8C0832021A76A0025C889 /* Resources */ = {
			isa = PBXResourcesBuildPhase;
			buildActionMask = 2147483647;
			files = (
			);
			runOnlyForDeploymentPostprocessing = 0;
		};
/* End PBXResourcesBuildPhase section */

/* Begin PBXShellScriptBuildPhase section */
		02E27DAA5E67E2B523F8CAE9 /* [CP] Check Pods Manifest.lock */ = {
			isa = PBXShellScriptBuildPhase;
			buildActionMask = 2147483647;
			files = (
			);
			inputPaths = (
				"${PODS_PODFILE_DIR_PATH}/Podfile.lock",
				"${PODS_ROOT}/Manifest.lock",
			);
			name = "[CP] Check Pods Manifest.lock";
			outputPaths = (
				"$(DERIVED_FILE_DIR)/Pods-PayTrailTests-checkManifestLockResult.txt",
			);
			runOnlyForDeploymentPostprocessing = 0;
			shellPath = /bin/sh;
			shellScript = "diff \"${PODS_PODFILE_DIR_PATH}/Podfile.lock\" \"${PODS_ROOT}/Manifest.lock\" > /dev/null\nif [ $? != 0 ] ; then\n    # print error to STDERR\n    echo \"error: The sandbox is not in sync with the Podfile.lock. Run 'pod install' or update your CocoaPods installation.\" >&2\n    exit 1\nfi\n# This output is used by Xcode 'outputs' to avoid re-running this script phase.\necho \"SUCCESS\" > \"${SCRIPT_OUTPUT_FILE_0}\"\n";
			showEnvVarsInLog = 0;
		};
		09121364DC43DA082BB5C813 /* [CP] Copy Pods Resources */ = {
			isa = PBXShellScriptBuildPhase;
			buildActionMask = 2147483647;
			files = (
			);
			inputPaths = (
			);
			name = "[CP] Copy Pods Resources";
			outputPaths = (
			);
			runOnlyForDeploymentPostprocessing = 0;
			shellPath = /bin/sh;
			shellScript = "\"${SRCROOT}/Pods/Target Support Files/Pods-PayTrailTests/Pods-PayTrailTests-resources.sh\"\n";
			showEnvVarsInLog = 0;
		};
		3BBEF1CC113F7B1BA42C7491 /* [CP] Copy Pods Resources */ = {
			isa = PBXShellScriptBuildPhase;
			buildActionMask = 2147483647;
			files = (
			);
			inputPaths = (
			);
			name = "[CP] Copy Pods Resources";
			outputPaths = (
			);
			runOnlyForDeploymentPostprocessing = 0;
			shellPath = /bin/sh;
			shellScript = "\"${SRCROOT}/Pods/Target Support Files/Pods-PayTrail/Pods-PayTrail-resources.sh\"\n";
			showEnvVarsInLog = 0;
		};
		5455C90275E0C2111368C9DC /* [CP] Check Pods Manifest.lock */ = {
			isa = PBXShellScriptBuildPhase;
			buildActionMask = 2147483647;
			files = (
			);
			inputPaths = (
				"${PODS_PODFILE_DIR_PATH}/Podfile.lock",
				"${PODS_ROOT}/Manifest.lock",
			);
			name = "[CP] Check Pods Manifest.lock";
			outputPaths = (
				"$(DERIVED_FILE_DIR)/Pods-PayTrail-checkManifestLockResult.txt",
			);
			runOnlyForDeploymentPostprocessing = 0;
			shellPath = /bin/sh;
			shellScript = "diff \"${PODS_PODFILE_DIR_PATH}/Podfile.lock\" \"${PODS_ROOT}/Manifest.lock\" > /dev/null\nif [ $? != 0 ] ; then\n    # print error to STDERR\n    echo \"error: The sandbox is not in sync with the Podfile.lock. Run 'pod install' or update your CocoaPods installation.\" >&2\n    exit 1\nfi\n# This output is used by Xcode 'outputs' to avoid re-running this script phase.\necho \"SUCCESS\" > \"${SCRIPT_OUTPUT_FILE_0}\"\n";
			showEnvVarsInLog = 0;
		};
		59D08D3B8310CFD1F6C555E2 /* [CP] Copy Pods Resources */ = {
			isa = PBXShellScriptBuildPhase;
			buildActionMask = 2147483647;
			files = (
			);
			inputPaths = (
			);
			name = "[CP] Copy Pods Resources";
			outputPaths = (
			);
			runOnlyForDeploymentPostprocessing = 0;
			shellPath = /bin/sh;
			shellScript = "\"${SRCROOT}/Pods/Target Support Files/Pods-PayTrailUITests/Pods-PayTrailUITests-resources.sh\"\n";
			showEnvVarsInLog = 0;
		};
		B88D8CFD516FB40279EEDA27 /* [CP] Embed Pods Frameworks */ = {
			isa = PBXShellScriptBuildPhase;
			buildActionMask = 2147483647;
			files = (
			);
			inputPaths = (
			);
			name = "[CP] Embed Pods Frameworks";
			outputPaths = (
			);
			runOnlyForDeploymentPostprocessing = 0;
			shellPath = /bin/sh;
			shellScript = "\"${SRCROOT}/Pods/Target Support Files/Pods-PayTrailUITests/Pods-PayTrailUITests-frameworks.sh\"\n";
			showEnvVarsInLog = 0;
		};
		DF2375741D66F9D1DD41387D /* [CP] Check Pods Manifest.lock */ = {
			isa = PBXShellScriptBuildPhase;
			buildActionMask = 2147483647;
			files = (
			);
			inputPaths = (
				"${PODS_PODFILE_DIR_PATH}/Podfile.lock",
				"${PODS_ROOT}/Manifest.lock",
			);
			name = "[CP] Check Pods Manifest.lock";
			outputPaths = (
				"$(DERIVED_FILE_DIR)/Pods-PayTrailUITests-checkManifestLockResult.txt",
			);
			runOnlyForDeploymentPostprocessing = 0;
			shellPath = /bin/sh;
			shellScript = "diff \"${PODS_PODFILE_DIR_PATH}/Podfile.lock\" \"${PODS_ROOT}/Manifest.lock\" > /dev/null\nif [ $? != 0 ] ; then\n    # print error to STDERR\n    echo \"error: The sandbox is not in sync with the Podfile.lock. Run 'pod install' or update your CocoaPods installation.\" >&2\n    exit 1\nfi\n# This output is used by Xcode 'outputs' to avoid re-running this script phase.\necho \"SUCCESS\" > \"${SCRIPT_OUTPUT_FILE_0}\"\n";
			showEnvVarsInLog = 0;
		};
		E0EF269C4B01CA04BDF53D9F /* [CP] Embed Pods Frameworks */ = {
			isa = PBXShellScriptBuildPhase;
			buildActionMask = 2147483647;
			files = (
			);
			inputPaths = (
				"${SRCROOT}/Pods/Target Support Files/Pods-PayTrail/Pods-PayTrail-frameworks.sh",
				"${BUILT_PRODUCTS_DIR}/JVFloatLabeledTextField/JVFloatLabeledTextField.framework",
				"${BUILT_PRODUCTS_DIR}/SwiftyJSON/SwiftyJSON.framework",
			);
			name = "[CP] Embed Pods Frameworks";
			outputPaths = (
				"${TARGET_BUILD_DIR}/${FRAMEWORKS_FOLDER_PATH}/JVFloatLabeledTextField.framework",
				"${TARGET_BUILD_DIR}/${FRAMEWORKS_FOLDER_PATH}/SwiftyJSON.framework",
			);
			runOnlyForDeploymentPostprocessing = 0;
			shellPath = /bin/sh;
			shellScript = "\"${SRCROOT}/Pods/Target Support Files/Pods-PayTrail/Pods-PayTrail-frameworks.sh\"\n";
			showEnvVarsInLog = 0;
		};
		F6AE662115802698CE88141D /* [CP] Embed Pods Frameworks */ = {
			isa = PBXShellScriptBuildPhase;
			buildActionMask = 2147483647;
			files = (
			);
			inputPaths = (
			);
			name = "[CP] Embed Pods Frameworks";
			outputPaths = (
			);
			runOnlyForDeploymentPostprocessing = 0;
			shellPath = /bin/sh;
			shellScript = "\"${SRCROOT}/Pods/Target Support Files/Pods-PayTrailTests/Pods-PayTrailTests-frameworks.sh\"\n";
			showEnvVarsInLog = 0;
		};
/* End PBXShellScriptBuildPhase section */

/* Begin PBXSourcesBuildPhase section */
		CCF8C0602021A76A0025C889 /* Sources */ = {
			isa = PBXSourcesBuildPhase;
			buildActionMask = 2147483647;
			files = (
				CCA03320203521790016D8A1 /* CollectData.swift in Sources */,
				CCF0420F203609EE005F2B9B /* ProcessData.swift in Sources */,
				CCE954ED20449D2A00AF7DC2 /* DisplayDataCell.swift in Sources */,
				CCF8C0682021A76A0025C889 /* AppDelegate.swift in Sources */,
				CCA0331E2035011D0016D8A1 /* LoginSignup.swift in Sources */,
				CC4439D7205A253A00543361 /* PersonZip.swift in Sources */,
				CC4439D3205A1B0B00543361 /* LiveTaxRates.swift in Sources */,
				CCE954EA204499BF00AF7DC2 /* DisplayData.swift in Sources */,
			);
			runOnlyForDeploymentPostprocessing = 0;
		};
		CCF8C0762021A76A0025C889 /* Sources */ = {
			isa = PBXSourcesBuildPhase;
			buildActionMask = 2147483647;
			files = (
				CCF8C07F2021A76A0025C889 /* PayTrailTests.swift in Sources */,
			);
			runOnlyForDeploymentPostprocessing = 0;
		};
		CCF8C0812021A76A0025C889 /* Sources */ = {
			isa = PBXSourcesBuildPhase;
			buildActionMask = 2147483647;
			files = (
				CCF8C08A2021A76A0025C889 /* PayTrailUITests.swift in Sources */,
			);
			runOnlyForDeploymentPostprocessing = 0;
		};
/* End PBXSourcesBuildPhase section */

/* Begin PBXTargetDependency section */
		CCF8C07C2021A76A0025C889 /* PBXTargetDependency */ = {
			isa = PBXTargetDependency;
			target = CCF8C0632021A76A0025C889 /* PayTrail */;
			targetProxy = CCF8C07B2021A76A0025C889 /* PBXContainerItemProxy */;
		};
		CCF8C0872021A76A0025C889 /* PBXTargetDependency */ = {
			isa = PBXTargetDependency;
			target = CCF8C0632021A76A0025C889 /* PayTrail */;
			targetProxy = CCF8C0862021A76A0025C889 /* PBXContainerItemProxy */;
		};
/* End PBXTargetDependency section */

/* Begin PBXVariantGroup section */
		CCF8C06D2021A76A0025C889 /* Main.storyboard */ = {
			isa = PBXVariantGroup;
			children = (
				CCF8C06E2021A76A0025C889 /* Base */,
			);
			name = Main.storyboard;
			sourceTree = "<group>";
		};
		CCF8C0722021A76A0025C889 /* LaunchScreen.storyboard */ = {
			isa = PBXVariantGroup;
			children = (
				CCF8C0732021A76A0025C889 /* Base */,
			);
			name = LaunchScreen.storyboard;
			sourceTree = "<group>";
		};
/* End PBXVariantGroup section */

/* Begin XCBuildConfiguration section */
		CCF8C08C2021A76A0025C889 /* Debug */ = {
			isa = XCBuildConfiguration;
			buildSettings = {
				ALWAYS_SEARCH_USER_PATHS = NO;
				CLANG_ANALYZER_NONNULL = YES;
				CLANG_ANALYZER_NUMBER_OBJECT_CONVERSION = YES_AGGRESSIVE;
				CLANG_CXX_LANGUAGE_STANDARD = "gnu++14";
				CLANG_CXX_LIBRARY = "libc++";
				CLANG_ENABLE_MODULES = YES;
				CLANG_ENABLE_OBJC_ARC = YES;
				CLANG_WARN_BLOCK_CAPTURE_AUTORELEASING = YES;
				CLANG_WARN_BOOL_CONVERSION = YES;
				CLANG_WARN_COMMA = YES;
				CLANG_WARN_CONSTANT_CONVERSION = YES;
				CLANG_WARN_DIRECT_OBJC_ISA_USAGE = YES_ERROR;
				CLANG_WARN_DOCUMENTATION_COMMENTS = YES;
				CLANG_WARN_EMPTY_BODY = YES;
				CLANG_WARN_ENUM_CONVERSION = YES;
				CLANG_WARN_INFINITE_RECURSION = YES;
				CLANG_WARN_INT_CONVERSION = YES;
				CLANG_WARN_NON_LITERAL_NULL_CONVERSION = YES;
				CLANG_WARN_OBJC_LITERAL_CONVERSION = YES;
				CLANG_WARN_OBJC_ROOT_CLASS = YES_ERROR;
				CLANG_WARN_RANGE_LOOP_ANALYSIS = YES;
				CLANG_WARN_STRICT_PROTOTYPES = YES;
				CLANG_WARN_SUSPICIOUS_MOVE = YES;
				CLANG_WARN_UNGUARDED_AVAILABILITY = YES_AGGRESSIVE;
				CLANG_WARN_UNREACHABLE_CODE = YES;
				CLANG_WARN__DUPLICATE_METHOD_MATCH = YES;
				CODE_SIGN_IDENTITY = "iPhone Developer";
				COPY_PHASE_STRIP = NO;
				DEBUG_INFORMATION_FORMAT = dwarf;
				ENABLE_STRICT_OBJC_MSGSEND = YES;
				ENABLE_TESTABILITY = YES;
				GCC_C_LANGUAGE_STANDARD = gnu11;
				GCC_DYNAMIC_NO_PIC = NO;
				GCC_NO_COMMON_BLOCKS = YES;
				GCC_OPTIMIZATION_LEVEL = 0;
				GCC_PREPROCESSOR_DEFINITIONS = (
					"DEBUG=1",
					"$(inherited)",
				);
				GCC_WARN_64_TO_32_BIT_CONVERSION = YES;
				GCC_WARN_ABOUT_RETURN_TYPE = YES_ERROR;
				GCC_WARN_UNDECLARED_SELECTOR = YES;
				GCC_WARN_UNINITIALIZED_AUTOS = YES_AGGRESSIVE;
				GCC_WARN_UNUSED_FUNCTION = YES;
				GCC_WARN_UNUSED_VARIABLE = YES;
				IPHONEOS_DEPLOYMENT_TARGET = 11.2;
				MTL_ENABLE_DEBUG_INFO = YES;
				ONLY_ACTIVE_ARCH = YES;
				SDKROOT = iphoneos;
				SWIFT_ACTIVE_COMPILATION_CONDITIONS = DEBUG;
				SWIFT_OPTIMIZATION_LEVEL = "-Onone";
			};
			name = Debug;
		};
		CCF8C08D2021A76A0025C889 /* Release */ = {
			isa = XCBuildConfiguration;
			buildSettings = {
				ALWAYS_SEARCH_USER_PATHS = NO;
				CLANG_ANALYZER_NONNULL = YES;
				CLANG_ANALYZER_NUMBER_OBJECT_CONVERSION = YES_AGGRESSIVE;
				CLANG_CXX_LANGUAGE_STANDARD = "gnu++14";
				CLANG_CXX_LIBRARY = "libc++";
				CLANG_ENABLE_MODULES = YES;
				CLANG_ENABLE_OBJC_ARC = YES;
				CLANG_WARN_BLOCK_CAPTURE_AUTORELEASING = YES;
				CLANG_WARN_BOOL_CONVERSION = YES;
				CLANG_WARN_COMMA = YES;
				CLANG_WARN_CONSTANT_CONVERSION = YES;
				CLANG_WARN_DIRECT_OBJC_ISA_USAGE = YES_ERROR;
				CLANG_WARN_DOCUMENTATION_COMMENTS = YES;
				CLANG_WARN_EMPTY_BODY = YES;
				CLANG_WARN_ENUM_CONVERSION = YES;
				CLANG_WARN_INFINITE_RECURSION = YES;
				CLANG_WARN_INT_CONVERSION = YES;
				CLANG_WARN_NON_LITERAL_NULL_CONVERSION = YES;
				CLANG_WARN_OBJC_LITERAL_CONVERSION = YES;
				CLANG_WARN_OBJC_ROOT_CLASS = YES_ERROR;
				CLANG_WARN_RANGE_LOOP_ANALYSIS = YES;
				CLANG_WARN_STRICT_PROTOTYPES = YES;
				CLANG_WARN_SUSPICIOUS_MOVE = YES;
				CLANG_WARN_UNGUARDED_AVAILABILITY = YES_AGGRESSIVE;
				CLANG_WARN_UNREACHABLE_CODE = YES;
				CLANG_WARN__DUPLICATE_METHOD_MATCH = YES;
				CODE_SIGN_IDENTITY = "iPhone Developer";
				COPY_PHASE_STRIP = NO;
				DEBUG_INFORMATION_FORMAT = "dwarf-with-dsym";
				ENABLE_NS_ASSERTIONS = NO;
				ENABLE_STRICT_OBJC_MSGSEND = YES;
				GCC_C_LANGUAGE_STANDARD = gnu11;
				GCC_NO_COMMON_BLOCKS = YES;
				GCC_WARN_64_TO_32_BIT_CONVERSION = YES;
				GCC_WARN_ABOUT_RETURN_TYPE = YES_ERROR;
				GCC_WARN_UNDECLARED_SELECTOR = YES;
				GCC_WARN_UNINITIALIZED_AUTOS = YES_AGGRESSIVE;
				GCC_WARN_UNUSED_FUNCTION = YES;
				GCC_WARN_UNUSED_VARIABLE = YES;
				IPHONEOS_DEPLOYMENT_TARGET = 11.2;
				MTL_ENABLE_DEBUG_INFO = NO;
				SDKROOT = iphoneos;
				SWIFT_OPTIMIZATION_LEVEL = "-Owholemodule";
				VALIDATE_PRODUCT = YES;
			};
			name = Release;
		};
		CCF8C08F2021A76A0025C889 /* Debug */ = {
			isa = XCBuildConfiguration;
			baseConfigurationReference = 9721A5AFBB5D09118C73B64A /* Pods-PayTrail.debug.xcconfig */;
			buildSettings = {
				ASSETCATALOG_COMPILER_APPICON_NAME = AppIcon;
				CODE_SIGN_STYLE = Automatic;
				DEVELOPMENT_TEAM = TMAT8C254H;
				INFOPLIST_FILE = PayTrail/Info.plist;
				LD_RUNPATH_SEARCH_PATHS = "$(inherited) @executable_path/Frameworks";
				PRODUCT_BUNDLE_IDENTIFIER = paytrail.PayTrail;
				PRODUCT_NAME = "$(TARGET_NAME)";
				SWIFT_VERSION = 4.0;
				TARGETED_DEVICE_FAMILY = 1;
			};
			name = Debug;
		};
		CCF8C0902021A76A0025C889 /* Release */ = {
			isa = XCBuildConfiguration;
			baseConfigurationReference = FDF1E5C939A119C017B84563 /* Pods-PayTrail.release.xcconfig */;
			buildSettings = {
				ASSETCATALOG_COMPILER_APPICON_NAME = AppIcon;
				CODE_SIGN_STYLE = Automatic;
				DEVELOPMENT_TEAM = TMAT8C254H;
				INFOPLIST_FILE = PayTrail/Info.plist;
				LD_RUNPATH_SEARCH_PATHS = "$(inherited) @executable_path/Frameworks";
				PRODUCT_BUNDLE_IDENTIFIER = paytrail.PayTrail;
				PRODUCT_NAME = "$(TARGET_NAME)";
				SWIFT_VERSION = 4.0;
				TARGETED_DEVICE_FAMILY = 1;
			};
			name = Release;
		};
		CCF8C0922021A76A0025C889 /* Debug */ = {
			isa = XCBuildConfiguration;
			baseConfigurationReference = 11C4E605EEF9559246A05677 /* Pods-PayTrailTests.debug.xcconfig */;
			buildSettings = {
				ALWAYS_EMBED_SWIFT_STANDARD_LIBRARIES = YES;
				BUNDLE_LOADER = "$(TEST_HOST)";
				CODE_SIGN_STYLE = Automatic;
				DEVELOPMENT_TEAM = TMAT8C254H;
				INFOPLIST_FILE = PayTrailTests/Info.plist;
				LD_RUNPATH_SEARCH_PATHS = "$(inherited) @executable_path/Frameworks @loader_path/Frameworks";
				PRODUCT_BUNDLE_IDENTIFIER = paytrail.PayTrailTests;
				PRODUCT_NAME = "$(TARGET_NAME)";
				SWIFT_VERSION = 4.0;
				TARGETED_DEVICE_FAMILY = "1,2";
				TEST_HOST = "$(BUILT_PRODUCTS_DIR)/PayTrail.app/PayTrail";
			};
			name = Debug;
		};
		CCF8C0932021A76A0025C889 /* Release */ = {
			isa = XCBuildConfiguration;
			baseConfigurationReference = DC32EA436D8F971C156A132F /* Pods-PayTrailTests.release.xcconfig */;
			buildSettings = {
				ALWAYS_EMBED_SWIFT_STANDARD_LIBRARIES = YES;
				BUNDLE_LOADER = "$(TEST_HOST)";
				CODE_SIGN_STYLE = Automatic;
				DEVELOPMENT_TEAM = TMAT8C254H;
				INFOPLIST_FILE = PayTrailTests/Info.plist;
				LD_RUNPATH_SEARCH_PATHS = "$(inherited) @executable_path/Frameworks @loader_path/Frameworks";
				PRODUCT_BUNDLE_IDENTIFIER = paytrail.PayTrailTests;
				PRODUCT_NAME = "$(TARGET_NAME)";
				SWIFT_VERSION = 4.0;
				TARGETED_DEVICE_FAMILY = "1,2";
				TEST_HOST = "$(BUILT_PRODUCTS_DIR)/PayTrail.app/PayTrail";
			};
			name = Release;
		};
		CCF8C0952021A76A0025C889 /* Debug */ = {
			isa = XCBuildConfiguration;
			baseConfigurationReference = 0CEED10E3513F83E27B57474 /* Pods-PayTrailUITests.debug.xcconfig */;
			buildSettings = {
				ALWAYS_EMBED_SWIFT_STANDARD_LIBRARIES = YES;
				CODE_SIGN_STYLE = Automatic;
				DEVELOPMENT_TEAM = TMAT8C254H;
				INFOPLIST_FILE = PayTrailUITests/Info.plist;
				LD_RUNPATH_SEARCH_PATHS = "$(inherited) @executable_path/Frameworks @loader_path/Frameworks";
				PRODUCT_BUNDLE_IDENTIFIER = paytrail.PayTrailUITests;
				PRODUCT_NAME = "$(TARGET_NAME)";
				SWIFT_VERSION = 4.0;
				TARGETED_DEVICE_FAMILY = "1,2";
				TEST_TARGET_NAME = PayTrail;
			};
			name = Debug;
		};
		CCF8C0962021A76A0025C889 /* Release */ = {
			isa = XCBuildConfiguration;
			baseConfigurationReference = 86B16E41DAEE69F55BA76F54 /* Pods-PayTrailUITests.release.xcconfig */;
			buildSettings = {
				ALWAYS_EMBED_SWIFT_STANDARD_LIBRARIES = YES;
				CODE_SIGN_STYLE = Automatic;
				DEVELOPMENT_TEAM = TMAT8C254H;
				INFOPLIST_FILE = PayTrailUITests/Info.plist;
				LD_RUNPATH_SEARCH_PATHS = "$(inherited) @executable_path/Frameworks @loader_path/Frameworks";
				PRODUCT_BUNDLE_IDENTIFIER = paytrail.PayTrailUITests;
				PRODUCT_NAME = "$(TARGET_NAME)";
				SWIFT_VERSION = 4.0;
				TARGETED_DEVICE_FAMILY = "1,2";
				TEST_TARGET_NAME = PayTrail;
			};
			name = Release;
		};
/* End XCBuildConfiguration section */

/* Begin XCConfigurationList section */
		CCF8C05F2021A7690025C889 /* Build configuration list for PBXProject "PayTrail" */ = {
			isa = XCConfigurationList;
			buildConfigurations = (
				CCF8C08C2021A76A0025C889 /* Debug */,
				CCF8C08D2021A76A0025C889 /* Release */,
			);
			defaultConfigurationIsVisible = 0;
			defaultConfigurationName = Release;
		};
		CCF8C08E2021A76A0025C889 /* Build configuration list for PBXNativeTarget "PayTrail" */ = {
			isa = XCConfigurationList;
			buildConfigurations = (
				CCF8C08F2021A76A0025C889 /* Debug */,
				CCF8C0902021A76A0025C889 /* Release */,
			);
			defaultConfigurationIsVisible = 0;
			defaultConfigurationName = Release;
		};
		CCF8C0912021A76A0025C889 /* Build configuration list for PBXNativeTarget "PayTrailTests" */ = {
			isa = XCConfigurationList;
			buildConfigurations = (
				CCF8C0922021A76A0025C889 /* Debug */,
				CCF8C0932021A76A0025C889 /* Release */,
			);
			defaultConfigurationIsVisible = 0;
			defaultConfigurationName = Release;
		};
		CCF8C0942021A76A0025C889 /* Build configuration list for PBXNativeTarget "PayTrailUITests" */ = {
			isa = XCConfigurationList;
			buildConfigurations = (
				CCF8C0952021A76A0025C889 /* Debug */,
				CCF8C0962021A76A0025C889 /* Release */,
			);
			defaultConfigurationIsVisible = 0;
			defaultConfigurationName = Release;
		};
/* End XCConfigurationList section */
	};
	rootObject = CCF8C05C2021A7690025C889 /* Project object */;
}
